speakeasyVersion: 1.622.1
sources:
    Mollie API:
        sourceNamespace: mollie-api
        sourceRevisionDigest: sha256:2034b835b2b64f8215495715f77f11413189710e801fa42f37796e7b3ef6b26a
        sourceBlobDigest: sha256:f7effbc121775c0bd651b3e250592f26f20a4fd7255c73d02b5ac4812b7c64fd
        tags:
            - latest
            - speakeasy-sdk-regen-1758532849
            - 1.0.0
targets:
    mollie-api-golang:
        source: Mollie API
        sourceNamespace: mollie-api
        sourceRevisionDigest: sha256:2034b835b2b64f8215495715f77f11413189710e801fa42f37796e7b3ef6b26a
        sourceBlobDigest: sha256:f7effbc121775c0bd651b3e250592f26f20a4fd7255c73d02b5ac4812b7c64fd
        codeSamplesNamespace: mollie-api-go-code-samples
        codeSamplesRevisionDigest: sha256:85c1b204d1be8cc74e6bf63d4ab209c6ceb61b513d18538bbc057a195df2c636
workflow:
    workflowVersion: 1.0.0
    speakeasyVersion: latest
    sources:
        Mollie API:
            inputs:
                - location: https://raw.githubusercontent.com/mollie/openapi-specs/main/specs.yaml
            output: .speakeasy/out.openapi.yaml
            registry:
                location: registry.speakeasyapi.dev/mollie-oom/mollie/mollie-api
    targets:
        mollie-api-golang:
            target: go
            source: Mollie API
            codeSamples:
                registry:
                    location: registry.speakeasyapi.dev/mollie-oom/mollie/mollie-api-go-code-samples
                labelOverride:
                    fixedValue: Go (SDK)
                blocking: false
