speakeasyVersion: 1.796.2
sources:
    Mollie API:
        sourceNamespace: mollie-api
        sourceRevisionDigest: sha256:8fac90d6f84dafabad572f2d814dec62072d5a24a0adc1ba12959d7b76731f4f
        sourceBlobDigest: sha256:277dcbbaa24075f1b10b53144c457e24267bff25a742922fd8fffaa569e56128
        tags:
            - latest
            - 1.0.0
targets:
    mollie-api-golang:
        source: Mollie API
        sourceNamespace: mollie-api
        sourceRevisionDigest: sha256:8fac90d6f84dafabad572f2d814dec62072d5a24a0adc1ba12959d7b76731f4f
        sourceBlobDigest: sha256:277dcbbaa24075f1b10b53144c457e24267bff25a742922fd8fffaa569e56128
        codeSamplesNamespace: mollie-api-go-code-samples
        codeSamplesRevisionDigest: sha256:1c5dee3cd7e26cfc448525e9353129a0a1dea45b0b51381da142e404a6a7ccb2
workflow:
    workflowVersion: 1.0.0
    speakeasyVersion: latest
    sources:
        Mollie API:
            inputs:
                - location: https://raw.githubusercontent.com/mollie/openapi-specs/main/specs.yaml
            output: .speakeasy/out.openapi.yaml
            registry:
                location: registry.speakeasyapi.dev/mollie-oom/mollie/mollie-api
    targets:
        mollie-api-golang:
            target: go
            source: Mollie API
            codeSamples:
                registry:
                    location: registry.speakeasyapi.dev/mollie-oom/mollie/mollie-api-go-code-samples
                labelOverride:
                    fixedValue: Go (SDK)
                blocking: false
