speakeasyVersion: 1.761.10
sources:
    Mollie API:
        sourceNamespace: mollie-api
        sourceRevisionDigest: sha256:a1508cdd9d63ae3d743316fe313d60071de884bd240563eb2f0a369f715316b6
        sourceBlobDigest: sha256:fff4e063667e243ceafaf20a4c994cb50dee211aa721c3284fa5088ec05159f3
        tags:
            - latest
            - 1.0.0
targets:
    mollie-api-golang:
        source: Mollie API
        sourceNamespace: mollie-api
        sourceRevisionDigest: sha256:a1508cdd9d63ae3d743316fe313d60071de884bd240563eb2f0a369f715316b6
        sourceBlobDigest: sha256:fff4e063667e243ceafaf20a4c994cb50dee211aa721c3284fa5088ec05159f3
        codeSamplesNamespace: mollie-api-go-code-samples
        codeSamplesRevisionDigest: sha256:ecb44cb66e064024d1ed8ed14f6c14b1c0ee4ee6198e43aa94934407fe8bcb0a
workflow:
    workflowVersion: 1.0.0
    speakeasyVersion: latest
    sources:
        Mollie API:
            inputs:
                - location: https://raw.githubusercontent.com/mollie/openapi-specs/main/specs.yaml
            output: .speakeasy/out.openapi.yaml
            registry:
                location: registry.speakeasyapi.dev/mollie-oom/mollie/mollie-api
    targets:
        mollie-api-golang:
            target: go
            source: Mollie API
            codeSamples:
                registry:
                    location: registry.speakeasyapi.dev/mollie-oom/mollie/mollie-api-go-code-samples
                labelOverride:
                    fixedValue: Go (SDK)
                blocking: false
